{
  "version": 4,
  "terraform_version": "1.6.6",
  "serial": 1,
  "lineage": "ba5956ad-eb5a-d1c6-3390-635390502b5f",
  "outputs": {},
  "resources": [
    {
      "mode": "managed",
      "type": "local_file",
      "name": "demo",
      "provider": "provider[\"registry.terraform.io/hashicorp/local\"]",
      "instances": [
        {
          "schema_version": 0,
          "attributes": {
            "content": "pratice",
            "content_base64": null,
            "content_base64sha256": "7/QY8mqwv5ch9L59k5JKoQQ7AgvXydJd79pBZz+93NE=",
            "content_base64sha512": "qzTcH5lE3mcb64MAGNXEqiVO9XCUc90OxqxsKDJpStEQ39oSMzniZZBnOWSz/50Iy5sCYogBsDexnvE3mrIv5g==",
            "content_md5": "0acf7b44dbdaf738d69a618bfb1ba50a",
            "content_sha1": "13461ab42e3557c629b02d9256751319f4960ad6",
            "content_sha256": "eff418f26ab0bf9721f4be7d93924aa1043b020bd7c9d25defda41673fbddcd1",
            "content_sha512": "ab34dc1f9944de671beb830018d5c4aa254ef5709473dd0ec6ac6c2832694ad110dfda123339e26590673964b3ff9d08cb9b02628801b037b19ef1379ab22fe6",
            "directory_permission": "0777",
            "file_permission": "0777",
            "filename": "hello.txt",
            "id": "13461ab42e3557c629b02d9256751319f4960ad6",
            "sensitive_content": null,
            "source": null
          },
          "sensitive_attributes": []
        }
      ]
    }
  ],
  "check_results": null
}
